// !$*UTF8*$!
{
	archiveVersion = 1;
	classes = {
	};
	objectVersion = 55;
	objects = {

/* Begin PBXBuildFile section */
		1952DA0427AA24BF00F48C89 /* BookObjects.swift in Sources */ = {isa = PBXBuildFile; fileRef = 1952DA0327AA24BE00F48C89 /* BookObjects.swift */; };
		1952DA0627AA332B00F48C89 /* BooksViewController.swift in Sources */ = {isa = PBXBuildFile; fileRef = 1952DA0527AA332B00F48C89 /* BooksViewController.swift */; };
		197AF653279E35B10042D1C6 /* AppDelegate.swift in Sources */ = {isa = PBXBuildFile; fileRef = 197AF652279E35B10042D1C6 /* AppDelegate.swift */; };
		197AF655279E35B10042D1C6 /* SceneDelegate.swift in Sources */ = {isa = PBXBuildFile; fileRef = 197AF654279E35B10042D1C6 /* SceneDelegate.swift */; };
		197AF657279E35B10042D1C6 /* ViewController.swift in Sources */ = {isa = PBXBuildFile; fileRef = 197AF656279E35B10042D1C6 /* ViewController.swift */; };
		197AF65A279E35B10042D1C6 /* Main.storyboard in Resources */ = {isa = PBXBuildFile; fileRef = 197AF658279E35B10042D1C6 /* Main.storyboard */; };
		197AF65C279E35B50042D1C6 /* Assets.xcassets in Resources */ = {isa = PBXBuildFile; fileRef = 197AF65B279E35B50042D1C6 /* Assets.xcassets */; };
		197AF65F279E35B50042D1C6 /* LaunchScreen.storyboard in Resources */ = {isa = PBXBuildFile; fileRef = 197AF65D279E35B50042D1C6 /* LaunchScreen.storyboard */; };
		197AF66D27A0198E0042D1C6 /* SignInViewController.swift in Sources */ = {isa = PBXBuildFile; fileRef = 197AF66C27A0198E0042D1C6 /* SignInViewController.swift */; };
		19C4920D27B03CCB00BE4A93 /* LibraryViewController.swift in Sources */ = {isa = PBXBuildFile; fileRef = 19C4920C27B03CCB00BE4A93 /* LibraryViewController.swift */; };
		19C4920F27B056C100BE4A93 /* BooksTableView.swift in Sources */ = {isa = PBXBuildFile; fileRef = 19C4920E27B056C100BE4A93 /* BooksTableView.swift */; };
		19C4921527B06A7A00BE4A93 /* BookModel.swift in Sources */ = {isa = PBXBuildFile; fileRef = 19C4921427B06A7A00BE4A93 /* BookModel.swift */; };
		19C4921927B06BE500BE4A93 /* BookData.swift in Sources */ = {isa = PBXBuildFile; fileRef = 19C4921827B06BE500BE4A93 /* BookData.swift */; };
/* End PBXBuildFile section */

/* Begin PBXFileReference section */
		1952DA0327AA24BE00F48C89 /* BookObjects.swift */ = {isa = PBXFileReference; lastKnownFileType = sourcecode.swift; path = BookObjects.swift; sourceTree = "<group>"; };
		1952DA0527AA332B00F48C89 /* BooksViewController.swift */ = {isa = PBXFileReference; lastKnownFileType = sourcecode.swift; path = BooksViewController.swift; sourceTree = "<group>"; };
		197AF64F279E35B10042D1C6 /* MockLibrary.app */ = {isa = PBXFileReference; explicitFileType = wrapper.application; includeInIndex = 0; path = MockLibrary.app; sourceTree = BUILT_PRODUCTS_DIR; };
		197AF652279E35B10042D1C6 /* AppDelegate.swift */ = {isa = PBXFileReference; lastKnownFileType = sourcecode.swift; path = AppDelegate.swift; sourceTree = "<group>"; };
		197AF654279E35B10042D1C6 /* SceneDelegate.swift */ = {isa = PBXFileReference; lastKnownFileType = sourcecode.swift; path = SceneDelegate.swift; sourceTree = "<group>"; };
		197AF656279E35B10042D1C6 /* ViewController.swift */ = {isa = PBXFileReference; lastKnownFileType = sourcecode.swift; path = ViewController.swift; sourceTree = "<group>"; };
		197AF659279E35B10042D1C6 /* Base */ = {isa = PBXFileReference; lastKnownFileType = file.storyboard; name = Base; path = Base.lproj/Main.storyboard; sourceTree = "<group>"; };
		197AF65B279E35B50042D1C6 /* Assets.xcassets */ = {isa = PBXFileReference; lastKnownFileType = folder.assetcatalog; path = Assets.xcassets; sourceTree = "<group>"; };
		197AF65E279E35B50042D1C6 /* Base */ = {isa = PBXFileReference; lastKnownFileType = file.storyboard; name = Base; path = Base.lproj/LaunchScreen.storyboard; sourceTree = "<group>"; };
		197AF660279E35B50042D1C6 /* Info.plist */ = {isa = PBXFileReference; lastKnownFileType = text.plist.xml; path = Info.plist; sourceTree = "<group>"; };
		197AF66C27A0198E0042D1C6 /* SignInViewController.swift */ = {isa = PBXFileReference; lastKnownFileType = sourcecode.swift; path = SignInViewController.swift; sourceTree = "<group>"; };
		19C4920C27B03CCB00BE4A93 /* LibraryViewController.swift */ = {isa = PBXFileReference; lastKnownFileType = sourcecode.swift; path = LibraryViewController.swift; sourceTree = "<group>"; };
		19C4920E27B056C100BE4A93 /* BooksTableView.swift */ = {isa = PBXFileReference; lastKnownFileType = sourcecode.swift; path = BooksTableView.swift; sourceTree = "<group>"; };
		19C4921427B06A7A00BE4A93 /* BookModel.swift */ = {isa = PBXFileReference; lastKnownFileType = sourcecode.swift; path = BookModel.swift; sourceTree = "<group>"; };
		19C4921827B06BE500BE4A93 /* BookData.swift */ = {isa = PBXFileReference; lastKnownFileType = sourcecode.swift; path = BookData.swift; sourceTree = "<group>"; };
/* End PBXFileReference section */

/* Begin PBXFrameworksBuildPhase section */
		197AF64C279E35B10042D1C6 /* Frameworks */ = {
			isa = PBXFrameworksBuildPhase;
			buildActionMask = 2147483647;
			files = (
			);
			runOnlyForDeploymentPostprocessing = 0;
		};
/* End PBXFrameworksBuildPhase section */

/* Begin PBXGroup section */
		1952DA0227A986D800F48C89 /* Books */ = {
			isa = PBXGroup;
			children = (
				1952DA0327AA24BE00F48C89 /* BookObjects.swift */,
				1952DA0527AA332B00F48C89 /* BooksViewController.swift */,
			);
			path = Books;
			sourceTree = "<group>";
		};
		197AF646279E35B10042D1C6 = {
			isa = PBXGroup;
			children = (
				197AF651279E35B10042D1C6 /* MockLibrary */,
				197AF650279E35B10042D1C6 /* Products */,
			);
			sourceTree = "<group>";
		};
		197AF650279E35B10042D1C6 /* Products */ = {
			isa = PBXGroup;
			children = (
				197AF64F279E35B10042D1C6 /* MockLibrary.app */,
			);
			name = Products;
			sourceTree = "<group>";
		};
		197AF651279E35B10042D1C6 /* MockLibrary */ = {
			isa = PBXGroup;
			children = (
				19C4921027B0632E00BE4A93 /* API Services  */,
				1952DA0227A986D800F48C89 /* Books */,
				197AF66E27A0353C0042D1C6 /* Library */,
				197AF668279F3CFE0042D1C6 /* SignIn */,
				197AF652279E35B10042D1C6 /* AppDelegate.swift */,
				197AF654279E35B10042D1C6 /* SceneDelegate.swift */,
				197AF656279E35B10042D1C6 /* ViewController.swift */,
				197AF658279E35B10042D1C6 /* Main.storyboard */,
				197AF65B279E35B50042D1C6 /* Assets.xcassets */,
				197AF65D279E35B50042D1C6 /* LaunchScreen.storyboard */,
				197AF660279E35B50042D1C6 /* Info.plist */,
			);
			path = MockLibrary;
			sourceTree = "<group>";
		};
		197AF668279F3CFE0042D1C6 /* SignIn */ = {
			isa = PBXGroup;
			children = (
				197AF66C27A0198E0042D1C6 /* SignInViewController.swift */,
			);
			path = SignIn;
			sourceTree = "<group>";
		};
		197AF66E27A0353C0042D1C6 /* Library */ = {
			isa = PBXGroup;
			children = (
				19C4920C27B03CCB00BE4A93 /* LibraryViewController.swift */,
				19C4920E27B056C100BE4A93 /* BooksTableView.swift */,
			);
			path = Library;
			sourceTree = "<group>";
		};
		19C4921027B0632E00BE4A93 /* API Services  */ = {
			isa = PBXGroup;
			children = (
				19C4921327B06A3200BE4A93 /* BookAPI */,
			);
			path = "API Services ";
			sourceTree = "<group>";
		};
		19C4921327B06A3200BE4A93 /* BookAPI */ = {
			isa = PBXGroup;
			children = (
				19C4921427B06A7A00BE4A93 /* BookModel.swift */,
				19C4921827B06BE500BE4A93 /* BookData.swift */,
			);
			path = BookAPI;
			sourceTree = "<group>";
		};
/* End PBXGroup section */

/* Begin PBXNativeTarget section */
		197AF64E279E35B10042D1C6 /* MockLibrary */ = {
			isa = PBXNativeTarget;
			buildConfigurationList = 197AF663279E35B50042D1C6 /* Build configuration list for PBXNativeTarget "MockLibrary" */;
			buildPhases = (
				197AF64B279E35B10042D1C6 /* Sources */,
				197AF64C279E35B10042D1C6 /* Frameworks */,
				197AF64D279E35B10042D1C6 /* Resources */,
			);
			buildRules = (
			);
			dependencies = (
			);
			name = MockLibrary;
			productName = MockLibrary;
			productReference = 197AF64F279E35B10042D1C6 /* MockLibrary.app */;
			productType = "com.apple.product-type.application";
		};
/* End PBXNativeTarget section */

/* Begin PBXProject section */
		197AF647279E35B10042D1C6 /* Project object */ = {
			isa = PBXProject;
			attributes = {
				BuildIndependentTargetsInParallel = 1;
				LastSwiftUpdateCheck = 1310;
				LastUpgradeCheck = 1310;
				TargetAttributes = {
					197AF64E279E35B10042D1C6 = {
						CreatedOnToolsVersion = 13.1;
					};
				};
			};
			buildConfigurationList = 197AF64A279E35B10042D1C6 /* Build configuration list for PBXProject "MockLibrary" */;
			compatibilityVersion = "Xcode 13.0";
			developmentRegion = en;
			hasScannedForEncodings = 0;
			knownRegions = (
				en,
				Base,
			);
			mainGroup = 197AF646279E35B10042D1C6;
			productRefGroup = 197AF650279E35B10042D1C6 /* Products */;
			projectDirPath = "";
			projectRoot = "";
			targets = (
				197AF64E279E35B10042D1C6 /* MockLibrary */,
			);
		};
/* End PBXProject section */

/* Begin PBXResourcesBuildPhase section */
		197AF64D279E35B10042D1C6 /* Resources */ = {
			isa = PBXResourcesBuildPhase;
			buildActionMask = 2147483647;
			files = (
				197AF65F279E35B50042D1C6 /* LaunchScreen.storyboard in Resources */,
				197AF65C279E35B50042D1C6 /* Assets.xcassets in Resources */,
				197AF65A279E35B10042D1C6 /* Main.storyboard in Resources */,
			);
			runOnlyForDeploymentPostprocessing = 0;
		};
/* End PBXResourcesBuildPhase section */

/* Begin PBXSourcesBuildPhase section */
		197AF64B279E35B10042D1C6 /* Sources */ = {
			isa = PBXSourcesBuildPhase;
			buildActionMask = 2147483647;
			files = (
				19C4921927B06BE500BE4A93 /* BookData.swift in Sources */,
				197AF657279E35B10042D1C6 /* ViewController.swift in Sources */,
				19C4920F27B056C100BE4A93 /* BooksTableView.swift in Sources */,
				197AF653279E35B10042D1C6 /* AppDelegate.swift in Sources */,
				19C4921527B06A7A00BE4A93 /* BookModel.swift in Sources */,
				1952DA0427AA24BF00F48C89 /* BookObjects.swift in Sources */,
				197AF66D27A0198E0042D1C6 /* SignInViewController.swift in Sources */,
				19C4920D27B03CCB00BE4A93 /* LibraryViewController.swift in Sources */,
				197AF655279E35B10042D1C6 /* SceneDelegate.swift in Sources */,
				1952DA0627AA332B00F48C89 /* BooksViewController.swift in Sources */,
			);
			runOnlyForDeploymentPostprocessing = 0;
		};
/* End PBXSourcesBuildPhase section */

/* Begin PBXVariantGroup section */
		197AF658279E35B10042D1C6 /* Main.storyboard */ = {
			isa = PBXVariantGroup;
			children = (
				197AF659279E35B10042D1C6 /* Base */,
			);
			name = Main.storyboard;
			sourceTree = "<group>";
		};
		197AF65D279E35B50042D1C6 /* LaunchScreen.storyboard */ = {
			isa = PBXVariantGroup;
			children = (
				197AF65E279E35B50042D1C6 /* Base */,
			);
			name = LaunchScreen.storyboard;
			sourceTree = "<group>";
		};
/* End PBXVariantGroup section */

/* Begin XCBuildConfiguration section */
		197AF661279E35B50042D1C6 /* Debug */ = {
			isa = XCBuildConfiguration;
			buildSettings = {
				ALWAYS_SEARCH_USER_PATHS = NO;
				CLANG_ANALYZER_NONNULL = YES;
				CLANG_ANALYZER_NUMBER_OBJECT_CONVERSION = YES_AGGRESSIVE;
				CLANG_CXX_LANGUAGE_STANDARD = "gnu++17";
				CLANG_CXX_LIBRARY = "libc++";
				CLANG_ENABLE_MODULES = YES;
				CLANG_ENABLE_OBJC_ARC = YES;
				CLANG_ENABLE_OBJC_WEAK = YES;
				CLANG_WARN_BLOCK_CAPTURE_AUTORELEASING = YES;
				CLANG_WARN_BOOL_CONVERSION = YES;
				CLANG_WARN_COMMA = YES;
				CLANG_WARN_CONSTANT_CONVERSION = YES;
				CLANG_WARN_DEPRECATED_OBJC_IMPLEMENTATIONS = YES;
				CLANG_WARN_DIRECT_OBJC_ISA_USAGE = YES_ERROR;
				CLANG_WARN_DOCUMENTATION_COMMENTS = YES;
				CLANG_WARN_EMPTY_BODY = YES;
				CLANG_WARN_ENUM_CONVERSION = YES;
				CLANG_WARN_INFINITE_RECURSION = YES;
				CLANG_WARN_INT_CONVERSION = YES;
				CLANG_WARN_NON_LITERAL_NULL_CONVERSION = YES;
				CLANG_WARN_OBJC_IMPLICIT_RETAIN_SELF = YES;
				CLANG_WARN_OBJC_LITERAL_CONVERSION = YES;
				CLANG_WARN_OBJC_ROOT_CLASS = YES_ERROR;
				CLANG_WARN_QUOTED_INCLUDE_IN_FRAMEWORK_HEADER = YES;
				CLANG_WARN_RANGE_LOOP_ANALYSIS = YES;
				CLANG_WARN_STRICT_PROTOTYPES = YES;
				CLANG_WARN_SUSPICIOUS_MOVE = YES;
				CLANG_WARN_UNGUARDED_AVAILABILITY = YES_AGGRESSIVE;
				CLANG_WARN_UNREACHABLE_CODE = YES;
				CLANG_WARN__DUPLICATE_METHOD_MATCH = YES;
				COPY_PHASE_STRIP = NO;
				DEBUG_INFORMATION_FORMAT = dwarf;
				ENABLE_STRICT_OBJC_MSGSEND = YES;
				ENABLE_TESTABILITY = YES;
				GCC_C_LANGUAGE_STANDARD = gnu11;
				GCC_DYNAMIC_NO_PIC = NO;
				GCC_NO_COMMON_BLOCKS = YES;
				GCC_OPTIMIZATION_LEVEL = 0;
				GCC_PREPROCESSOR_DEFINITIONS = (
					"DEBUG=1",
					"$(inherited)",
				);
				GCC_WARN_64_TO_32_BIT_CONVERSION = YES;
				GCC_WARN_ABOUT_RETURN_TYPE = YES_ERROR;
				GCC_WARN_UNDECLARED_SELECTOR = YES;
				GCC_WARN_UNINITIALIZED_AUTOS = YES_AGGRESSIVE;
				GCC_WARN_UNUSED_FUNCTION = YES;
				GCC_WARN_UNUSED_VARIABLE = YES;
				IPHONEOS_DEPLOYMENT_TARGET = 15.0;
				MTL_ENABLE_DEBUG_INFO = INCLUDE_SOURCE;
				MTL_FAST_MATH = YES;
				ONLY_ACTIVE_ARCH = YES;
				SDKROOT = iphoneos;
				SWIFT_ACTIVE_COMPILATION_CONDITIONS = DEBUG;
				SWIFT_OPTIMIZATION_LEVEL = "-Onone";
			};
			name = Debug;
		};
		197AF662279E35B50042D1C6 /* Release */ = {
			isa = XCBuildConfiguration;
			buildSettings = {
				ALWAYS_SEARCH_USER_PATHS = NO;
				CLANG_ANALYZER_NONNULL = YES;
				CLANG_ANALYZER_NUMBER_OBJECT_CONVERSION = YES_AGGRESSIVE;
				CLANG_CXX_LANGUAGE_STANDARD = "gnu++17";
				CLANG_CXX_LIBRARY = "libc++";
				CLANG_ENABLE_MODULES = YES;
				CLANG_ENABLE_OBJC_ARC = YES;
				CLANG_ENABLE_OBJC_WEAK = YES;
				CLANG_WARN_BLOCK_CAPTURE_AUTORELEASING = YES;
				CLANG_WARN_BOOL_CONVERSION = YES;
				CLANG_WARN_COMMA = YES;
				CLANG_WARN_CONSTANT_CONVERSION = YES;
				CLANG_WARN_DEPRECATED_OBJC_IMPLEMENTATIONS = YES;
				CLANG_WARN_DIRECT_OBJC_ISA_USAGE = YES_ERROR;
				CLANG_WARN_DOCUMENTATION_COMMENTS = YES;
				CLANG_WARN_EMPTY_BODY = YES;
				CLANG_WARN_ENUM_CONVERSION = YES;
				CLANG_WARN_INFINITE_RECURSION = YES;
				CLANG_WARN_INT_CONVERSION = YES;
				CLANG_WARN_NON_LITERAL_NULL_CONVERSION = YES;
				CLANG_WARN_OBJC_IMPLICIT_RETAIN_SELF = YES;
				CLANG_WARN_OBJC_LITERAL_CONVERSION = YES;
				CLANG_WARN_OBJC_ROOT_CLASS = YES_ERROR;
				CLANG_WARN_QUOTED_INCLUDE_IN_FRAMEWORK_HEADER = YES;
				CLANG_WARN_RANGE_LOOP_ANALYSIS = YES;
				CLANG_WARN_STRICT_PROTOTYPES = YES;
				CLANG_WARN_SUSPICIOUS_MOVE = YES;
				CLANG_WARN_UNGUARDED_AVAILABILITY = YES_AGGRESSIVE;
				CLANG_WARN_UNREACHABLE_CODE = YES;
				CLANG_WARN__DUPLICATE_METHOD_MATCH = YES;
				COPY_PHASE_STRIP = NO;
				DEBUG_INFORMATION_FORMAT = "dwarf-with-dsym";
				ENABLE_NS_ASSERTIONS = NO;
				ENABLE_STRICT_OBJC_MSGSEND = YES;
				GCC_C_LANGUAGE_STANDARD = gnu11;
				GCC_NO_COMMON_BLOCKS = YES;
				GCC_WARN_64_TO_32_BIT_CONVERSION = YES;
				GCC_WARN_ABOUT_RETURN_TYPE = YES_ERROR;
				GCC_WARN_UNDECLARED_SELECTOR = YES;
				GCC_WARN_UNINITIALIZED_AUTOS = YES_AGGRESSIVE;
				GCC_WARN_UNUSED_FUNCTION = YES;
				GCC_WARN_UNUSED_VARIABLE = YES;
				IPHONEOS_DEPLOYMENT_TARGET = 15.0;
				MTL_ENABLE_DEBUG_INFO = NO;
				MTL_FAST_MATH = YES;
				SDKROOT = iphoneos;
				SWIFT_COMPILATION_MODE = wholemodule;
				SWIFT_OPTIMIZATION_LEVEL = "-O";
				VALIDATE_PRODUCT = YES;
			};
			name = Release;
		};
		197AF664279E35B50042D1C6 /* Debug */ = {
			isa = XCBuildConfiguration;
			buildSettings = {
				ASSETCATALOG_COMPILER_APPICON_NAME = AppIcon;
				ASSETCATALOG_COMPILER_GLOBAL_ACCENT_COLOR_NAME = AccentColor;
				ASSETCATALOG_COMPILER_INCLUDE_ALL_APPICON_ASSETS = NO;
				CODE_SIGN_STYLE = Automatic;
				CURRENT_PROJECT_VERSION = 1;
				DEVELOPMENT_TEAM = 6SQZ6943FN;
				GENERATE_INFOPLIST_FILE = YES;
				INFOPLIST_FILE = MockLibrary/Info.plist;
				INFOPLIST_KEY_UIApplicationSupportsIndirectInputEvents = YES;
				INFOPLIST_KEY_UILaunchStoryboardName = LaunchScreen;
				INFOPLIST_KEY_UIMainStoryboardFile = Main;
				INFOPLIST_KEY_UISupportedInterfaceOrientations_iPad = "UIInterfaceOrientationPortrait UIInterfaceOrientationPortraitUpsideDown UIInterfaceOrientationLandscapeLeft UIInterfaceOrientationLandscapeRight";
				INFOPLIST_KEY_UISupportedInterfaceOrientations_iPhone = "UIInterfaceOrientationPortrait UIInterfaceOrientationLandscapeLeft UIInterfaceOrientationLandscapeRight";
				LD_RUNPATH_SEARCH_PATHS = (
					"$(inherited)",
					"@executable_path/Frameworks",
				);
				MARKETING_VERSION = 1.0;
				PRODUCT_BUNDLE_IDENTIFIER = com.itziba.MockLibrary;
				PRODUCT_NAME = "$(TARGET_NAME)";
				SWIFT_EMIT_LOC_STRINGS = YES;
				SWIFT_VERSION = 5.0;
				TARGETED_DEVICE_FAMILY = "1,2";
			};
			name = Debug;
		};
		197AF665279E35B50042D1C6 /* Release */ = {
			isa = XCBuildConfiguration;
			buildSettings = {
				ASSETCATALOG_COMPILER_APPICON_NAME = AppIcon;
				ASSETCATALOG_COMPILER_GLOBAL_ACCENT_COLOR_NAME = AccentColor;
				ASSETCATALOG_COMPILER_INCLUDE_ALL_APPICON_ASSETS = NO;
				CODE_SIGN_STYLE = Automatic;
				CURRENT_PROJECT_VERSION = 1;
				DEVELOPMENT_TEAM = 6SQZ6943FN;
				GENERATE_INFOPLIST_FILE = YES;
				INFOPLIST_FILE = MockLibrary/Info.plist;
				INFOPLIST_KEY_UIApplicationSupportsIndirectInputEvents = YES;
				INFOPLIST_KEY_UILaunchStoryboardName = LaunchScreen;
				INFOPLIST_KEY_UIMainStoryboardFile = Main;
				INFOPLIST_KEY_UISupportedInterfaceOrientations_iPad = "UIInterfaceOrientationPortrait UIInterfaceOrientationPortraitUpsideDown UIInterfaceOrientationLandscapeLeft UIInterfaceOrientationLandscapeRight";
				INFOPLIST_KEY_UISupportedInterfaceOrientations_iPhone = "UIInterfaceOrientationPortrait UIInterfaceOrientationLandscapeLeft UIInterfaceOrientationLandscapeRight";
				LD_RUNPATH_SEARCH_PATHS = (
					"$(inherited)",
					"@executable_path/Frameworks",
				);
				MARKETING_VERSION = 1.0;
				PRODUCT_BUNDLE_IDENTIFIER = com.itziba.MockLibrary;
				PRODUCT_NAME = "$(TARGET_NAME)";
				SWIFT_EMIT_LOC_STRINGS = YES;
				SWIFT_VERSION = 5.0;
				TARGETED_DEVICE_FAMILY = "1,2";
			};
			name = Release;
		};
/* End XCBuildConfiguration section */

/* Begin XCConfigurationList section */
		197AF64A279E35B10042D1C6 /* Build configuration list for PBXProject "MockLibrary" */ = {
			isa = XCConfigurationList;
			buildConfigurations = (
				197AF661279E35B50042D1C6 /* Debug */,
				197AF662279E35B50042D1C6 /* Release */,
			);
			defaultConfigurationIsVisible = 0;
			defaultConfigurationName = Release;
		};
		197AF663279E35B50042D1C6 /* Build configuration list for PBXNativeTarget "MockLibrary" */ = {
			isa = XCConfigurationList;
			buildConfigurations = (
				197AF664279E35B50042D1C6 /* Debug */,
				197AF665279E35B50042D1C6 /* Release */,
			);
			defaultConfigurationIsVisible = 0;
			defaultConfigurationName = Release;
		};
/* End XCConfigurationList section */
	};
	rootObject = 197AF647279E35B10042D1C6 /* Project object */;
}
